
Microsoft Visual Studio Solution File, Format Version 12.00
# Visual Studio 15
VisualStudioVersion = 15.0.28307.421
MinimumVisualStudioVersion = 10.0.40219.1
Project("{FAE04EC0-301F-11D3-BF4B-00C04F79EFBC}") = "SİNEMA", "SİNEMA.csproj", "{6B9811D4-B177-4935-ABB6-1137ACE17019}"
EndProject
Global
	GlobalSection(SolutionConfigurationPlatforms) = preSolution
		Debug|Any CPU = Debug|Any CPU
		Release|Any CPU = Release|Any CPU
	EndGlobalSection
	GlobalSection(ProjectConfigurationPlatforms) = postSolution
		{6B9811D4-B177-4935-ABB6-1137ACE17019}.Debug|Any CPU.ActiveCfg = Debug|Any CPU
		{6B9811D4-B177-4935-ABB6-1137ACE17019}.Debug|Any CPU.Build.0 = Debug|Any CPU
		{6B9811D4-B177-4935-ABB6-1137ACE17019}.Release|Any CPU.ActiveCfg = Release|Any CPU
		{6B9811D4-B177-4935-ABB6-1137ACE17019}.Release|Any CPU.Build.0 = Release|Any CPU
	EndGlobalSection
	GlobalSection(SolutionProperties) = preSolution
		HideSolutionNode = FALSE
	EndGlobalSection
	GlobalSection(ExtensibilityGlobals) = postSolution
		SolutionGuid = {87518743-1C59-43C1-9181-F5E778DDD154}
	EndGlobalSection
EndGlobal
